
Microsoft Visual Studio Solution File, Format Version 12.00
# Visual Studio Version 16
VisualStudioVersion = 16.0.31911.196
MinimumVisualStudioVersion = 10.0.40219.1
Project("{FAE04EC0-301F-11D3-BF4B-00C04F79EFBC}") = "KCBfIleencryption", "KCBfIleencryption.csproj", "{97916616-0BD1-4657-9C4F-AC0CF299E332}"
EndProject
Global
	GlobalSection(SolutionConfigurationPlatforms) = preSolution
		Debug|Any CPU = Debug|Any CPU
		Release|Any CPU = Release|Any CPU
	EndGlobalSection
	GlobalSection(ProjectConfigurationPlatforms) = postSolution
		{97916616-0BD1-4657-9C4F-AC0CF299E332}.Debug|Any CPU.ActiveCfg = Debug|Any CPU
		{97916616-0BD1-4657-9C4F-AC0CF299E332}.Debug|Any CPU.Build.0 = Debug|Any CPU
		{97916616-0BD1-4657-9C4F-AC0CF299E332}.Release|Any CPU.ActiveCfg = Release|Any CPU
		{97916616-0BD1-4657-9C4F-AC0CF299E332}.Release|Any CPU.Build.0 = Release|Any CPU
	EndGlobalSection
	GlobalSection(SolutionProperties) = preSolution
		HideSolutionNode = FALSE
	EndGlobalSection
	GlobalSection(ExtensibilityGlobals) = postSolution
		SolutionGuid = {D903E6E8-228F-4028-9A81-12430A4E1732}
	EndGlobalSection
EndGlobal
